// !$*UTF8*$!
{
	archiveVersion = 1;
	classes = {
	};
	objectVersion = 56;
	objects = {

/* Begin PBXBuildFile section */
		15B039592989075B00B2626D /* Async_Await_tutorialApp.swift in Sources */ = {isa = PBXBuildFile; fileRef = 15B039582989075B00B2626D /* Async_Await_tutorialApp.swift */; };
		15B0395B2989075B00B2626D /* MainView.swift in Sources */ = {isa = PBXBuildFile; fileRef = 15B0395A2989075B00B2626D /* MainView.swift */; };
		15B0395D2989075E00B2626D /* Assets.xcassets in Resources */ = {isa = PBXBuildFile; fileRef = 15B0395C2989075E00B2626D /* Assets.xcassets */; };
		15B039602989075E00B2626D /* Preview Assets.xcassets in Resources */ = {isa = PBXBuildFile; fileRef = 15B0395F2989075E00B2626D /* Preview Assets.xcassets */; };
		15B0396A2989079300B2626D /* WeatherData.swift in Sources */ = {isa = PBXBuildFile; fileRef = 15B039692989079300B2626D /* WeatherData.swift */; };
		15B0396C298907F700B2626D /* WeatherModel.swift in Sources */ = {isa = PBXBuildFile; fileRef = 15B0396B298907F700B2626D /* WeatherModel.swift */; };
		15B0396E2989084800B2626D /* AsyncViewModel.swift in Sources */ = {isa = PBXBuildFile; fileRef = 15B0396D2989084800B2626D /* AsyncViewModel.swift */; };
		15B03976298910A500B2626D /* Async_Await_tutorialTests.swift in Sources */ = {isa = PBXBuildFile; fileRef = 15B03975298910A500B2626D /* Async_Await_tutorialTests.swift */; };
		15B0397E2989113500B2626D /* Helpers.swift in Sources */ = {isa = PBXBuildFile; fileRef = 15B0397D2989113500B2626D /* Helpers.swift */; };
		15B0398029892EE700B2626D /* JSONFetchTest.swift in Sources */ = {isa = PBXBuildFile; fileRef = 15B0397F29892EE700B2626D /* JSONFetchTest.swift */; };
		15B039822989364400B2626D /* TestVM.swift in Sources */ = {isa = PBXBuildFile; fileRef = 15B039812989364400B2626D /* TestVM.swift */; };
		15B039852989396800B2626D /* weatherService.swift in Sources */ = {isa = PBXBuildFile; fileRef = 15B039842989396800B2626D /* weatherService.swift */; };
		15B0398929893B1200B2626D /* MockWeatherService.swift in Sources */ = {isa = PBXBuildFile; fileRef = 15B0398829893B1200B2626D /* MockWeatherService.swift */; };
/* End PBXBuildFile section */

/* Begin PBXContainerItemProxy section */
		15B03977298910A500B2626D /* PBXContainerItemProxy */ = {
			isa = PBXContainerItemProxy;
			containerPortal = 15B0394D2989075B00B2626D /* Project object */;
			proxyType = 1;
			remoteGlobalIDString = 15B039542989075B00B2626D;
			remoteInfo = "Async Await tutorial";
		};
/* End PBXContainerItemProxy section */

/* Begin PBXFileReference section */
		15B039552989075B00B2626D /* Async Await tutorial.app */ = {isa = PBXFileReference; explicitFileType = wrapper.application; includeInIndex = 0; path = "Async Await tutorial.app"; sourceTree = BUILT_PRODUCTS_DIR; };
		15B039582989075B00B2626D /* Async_Await_tutorialApp.swift */ = {isa = PBXFileReference; lastKnownFileType = sourcecode.swift; path = Async_Await_tutorialApp.swift; sourceTree = "<group>"; };
		15B0395A2989075B00B2626D /* MainView.swift */ = {isa = PBXFileReference; lastKnownFileType = sourcecode.swift; path = MainView.swift; sourceTree = "<group>"; };
		15B0395C2989075E00B2626D /* Assets.xcassets */ = {isa = PBXFileReference; lastKnownFileType = folder.assetcatalog; path = Assets.xcassets; sourceTree = "<group>"; };
		15B0395F2989075E00B2626D /* Preview Assets.xcassets */ = {isa = PBXFileReference; lastKnownFileType = folder.assetcatalog; path = "Preview Assets.xcassets"; sourceTree = "<group>"; };
		15B039692989079300B2626D /* WeatherData.swift */ = {isa = PBXFileReference; lastKnownFileType = sourcecode.swift; path = WeatherData.swift; sourceTree = "<group>"; };
		15B0396B298907F700B2626D /* WeatherModel.swift */ = {isa = PBXFileReference; lastKnownFileType = sourcecode.swift; path = WeatherModel.swift; sourceTree = "<group>"; };
		15B0396D2989084800B2626D /* AsyncViewModel.swift */ = {isa = PBXFileReference; lastKnownFileType = sourcecode.swift; path = AsyncViewModel.swift; sourceTree = "<group>"; };
		15B03973298910A500B2626D /* Async Await tutorialTests.xctest */ = {isa = PBXFileReference; explicitFileType = wrapper.cfbundle; includeInIndex = 0; path = "Async Await tutorialTests.xctest"; sourceTree = BUILT_PRODUCTS_DIR; };
		15B03975298910A500B2626D /* Async_Await_tutorialTests.swift */ = {isa = PBXFileReference; lastKnownFileType = sourcecode.swift; path = Async_Await_tutorialTests.swift; sourceTree = "<group>"; };
		15B0397D2989113500B2626D /* Helpers.swift */ = {isa = PBXFileReference; lastKnownFileType = sourcecode.swift; path = Helpers.swift; sourceTree = "<group>"; };
		15B0397F29892EE700B2626D /* JSONFetchTest.swift */ = {isa = PBXFileReference; lastKnownFileType = sourcecode.swift; path = JSONFetchTest.swift; sourceTree = "<group>"; };
		15B039812989364400B2626D /* TestVM.swift */ = {isa = PBXFileReference; lastKnownFileType = sourcecode.swift; path = TestVM.swift; sourceTree = "<group>"; };
		15B039842989396800B2626D /* weatherService.swift */ = {isa = PBXFileReference; lastKnownFileType = sourcecode.swift; path = weatherService.swift; sourceTree = "<group>"; };
		15B0398829893B1200B2626D /* MockWeatherService.swift */ = {isa = PBXFileReference; lastKnownFileType = sourcecode.swift; path = MockWeatherService.swift; sourceTree = "<group>"; };
/* End PBXFileReference section */

/* Begin PBXFrameworksBuildPhase section */
		15B039522989075B00B2626D /* Frameworks */ = {
			isa = PBXFrameworksBuildPhase;
			buildActionMask = 2147483647;
			files = (
			);
			runOnlyForDeploymentPostprocessing = 0;
		};
		15B03970298910A500B2626D /* Frameworks */ = {
			isa = PBXFrameworksBuildPhase;
			buildActionMask = 2147483647;
			files = (
			);
			runOnlyForDeploymentPostprocessing = 0;
		};
/* End PBXFrameworksBuildPhase section */

/* Begin PBXGroup section */
		15B0394C2989075B00B2626D = {
			isa = PBXGroup;
			children = (
				15B039572989075B00B2626D /* Async Await tutorial */,
				15B03974298910A500B2626D /* Async Await tutorialTests */,
				15B039562989075B00B2626D /* Products */,
			);
			sourceTree = "<group>";
		};
		15B039562989075B00B2626D /* Products */ = {
			isa = PBXGroup;
			children = (
				15B039552989075B00B2626D /* Async Await tutorial.app */,
				15B03973298910A500B2626D /* Async Await tutorialTests.xctest */,
			);
			name = Products;
			sourceTree = "<group>";
		};
		15B039572989075B00B2626D /* Async Await tutorial */ = {
			isa = PBXGroup;
			children = (
				15B039832989394E00B2626D /* Network */,
				15B0397C2989112500B2626D /* Utils */,
				15B039582989075B00B2626D /* Async_Await_tutorialApp.swift */,
				15B039682989077400B2626D /* Model */,
				15B039662989076700B2626D /* View */,
				15B039672989076E00B2626D /* ViewModel */,
				15B0395C2989075E00B2626D /* Assets.xcassets */,
				15B0395E2989075E00B2626D /* Preview Content */,
			);
			path = "Async Await tutorial";
			sourceTree = "<group>";
		};
		15B0395E2989075E00B2626D /* Preview Content */ = {
			isa = PBXGroup;
			children = (
				15B0395F2989075E00B2626D /* Preview Assets.xcassets */,
			);
			path = "Preview Content";
			sourceTree = "<group>";
		};
		15B039662989076700B2626D /* View */ = {
			isa = PBXGroup;
			children = (
				15B0395A2989075B00B2626D /* MainView.swift */,
			);
			path = View;
			sourceTree = "<group>";
		};
		15B039672989076E00B2626D /* ViewModel */ = {
			isa = PBXGroup;
			children = (
				15B0396D2989084800B2626D /* AsyncViewModel.swift */,
			);
			path = ViewModel;
			sourceTree = "<group>";
		};
		15B039682989077400B2626D /* Model */ = {
			isa = PBXGroup;
			children = (
				15B039692989079300B2626D /* WeatherData.swift */,
				15B0396B298907F700B2626D /* WeatherModel.swift */,
			);
			path = Model;
			sourceTree = "<group>";
		};
		15B03974298910A500B2626D /* Async Await tutorialTests */ = {
			isa = PBXGroup;
			children = (
				15B03975298910A500B2626D /* Async_Await_tutorialTests.swift */,
				15B0397F29892EE700B2626D /* JSONFetchTest.swift */,
				15B039812989364400B2626D /* TestVM.swift */,
				15B0398829893B1200B2626D /* MockWeatherService.swift */,
			);
			path = "Async Await tutorialTests";
			sourceTree = "<group>";
		};
		15B0397C2989112500B2626D /* Utils */ = {
			isa = PBXGroup;
			children = (
				15B0397D2989113500B2626D /* Helpers.swift */,
			);
			path = Utils;
			sourceTree = "<group>";
		};
		15B039832989394E00B2626D /* Network */ = {
			isa = PBXGroup;
			children = (
				15B039842989396800B2626D /* weatherService.swift */,
			);
			path = Network;
			sourceTree = "<group>";
		};
/* End PBXGroup section */

/* Begin PBXNativeTarget section */
		15B039542989075B00B2626D /* Async Await tutorial */ = {
			isa = PBXNativeTarget;
			buildConfigurationList = 15B039632989075E00B2626D /* Build configuration list for PBXNativeTarget "Async Await tutorial" */;
			buildPhases = (
				15B039512989075B00B2626D /* Sources */,
				15B039522989075B00B2626D /* Frameworks */,
				15B039532989075B00B2626D /* Resources */,
			);
			buildRules = (
			);
			dependencies = (
			);
			name = "Async Await tutorial";
			productName = "Async Await tutorial";
			productReference = 15B039552989075B00B2626D /* Async Await tutorial.app */;
			productType = "com.apple.product-type.application";
		};
		15B03972298910A500B2626D /* Async Await tutorialTests */ = {
			isa = PBXNativeTarget;
			buildConfigurationList = 15B03979298910A500B2626D /* Build configuration list for PBXNativeTarget "Async Await tutorialTests" */;
			buildPhases = (
				15B0396F298910A500B2626D /* Sources */,
				15B03970298910A500B2626D /* Frameworks */,
				15B03971298910A500B2626D /* Resources */,
			);
			buildRules = (
			);
			dependencies = (
				15B03978298910A500B2626D /* PBXTargetDependency */,
			);
			name = "Async Await tutorialTests";
			productName = "Async Await tutorialTests";
			productReference = 15B03973298910A500B2626D /* Async Await tutorialTests.xctest */;
			productType = "com.apple.product-type.bundle.unit-test";
		};
/* End PBXNativeTarget section */

/* Begin PBXProject section */
		15B0394D2989075B00B2626D /* Project object */ = {
			isa = PBXProject;
			attributes = {
				BuildIndependentTargetsInParallel = 1;
				LastSwiftUpdateCheck = 1420;
				LastUpgradeCheck = 1420;
				TargetAttributes = {
					15B039542989075B00B2626D = {
						CreatedOnToolsVersion = 14.2;
					};
					15B03972298910A500B2626D = {
						CreatedOnToolsVersion = 14.2;
						TestTargetID = 15B039542989075B00B2626D;
					};
				};
			};
			buildConfigurationList = 15B039502989075B00B2626D /* Build configuration list for PBXProject "Async Await tutorial" */;
			compatibilityVersion = "Xcode 14.0";
			developmentRegion = en;
			hasScannedForEncodings = 0;
			knownRegions = (
				en,
				Base,
			);
			mainGroup = 15B0394C2989075B00B2626D;
			productRefGroup = 15B039562989075B00B2626D /* Products */;
			projectDirPath = "";
			projectRoot = "";
			targets = (
				15B039542989075B00B2626D /* Async Await tutorial */,
				15B03972298910A500B2626D /* Async Await tutorialTests */,
			);
		};
/* End PBXProject section */

/* Begin PBXResourcesBuildPhase section */
		15B039532989075B00B2626D /* Resources */ = {
			isa = PBXResourcesBuildPhase;
			buildActionMask = 2147483647;
			files = (
				15B039602989075E00B2626D /* Preview Assets.xcassets in Resources */,
				15B0395D2989075E00B2626D /* Assets.xcassets in Resources */,
			);
			runOnlyForDeploymentPostprocessing = 0;
		};
		15B03971298910A500B2626D /* Resources */ = {
			isa = PBXResourcesBuildPhase;
			buildActionMask = 2147483647;
			files = (
			);
			runOnlyForDeploymentPostprocessing = 0;
		};
/* End PBXResourcesBuildPhase section */

/* Begin PBXSourcesBuildPhase section */
		15B039512989075B00B2626D /* Sources */ = {
			isa = PBXSourcesBuildPhase;
			buildActionMask = 2147483647;
			files = (
				15B039852989396800B2626D /* weatherService.swift in Sources */,
				15B0395B2989075B00B2626D /* MainView.swift in Sources */,
				15B0397E2989113500B2626D /* Helpers.swift in Sources */,
				15B0396A2989079300B2626D /* WeatherData.swift in Sources */,
				15B0396C298907F700B2626D /* WeatherModel.swift in Sources */,
				15B039592989075B00B2626D /* Async_Await_tutorialApp.swift in Sources */,
				15B0396E2989084800B2626D /* AsyncViewModel.swift in Sources */,
			);
			runOnlyForDeploymentPostprocessing = 0;
		};
		15B0396F298910A500B2626D /* Sources */ = {
			isa = PBXSourcesBuildPhase;
			buildActionMask = 2147483647;
			files = (
				15B0398029892EE700B2626D /* JSONFetchTest.swift in Sources */,
				15B039822989364400B2626D /* TestVM.swift in Sources */,
				15B0398929893B1200B2626D /* MockWeatherService.swift in Sources */,
				15B03976298910A500B2626D /* Async_Await_tutorialTests.swift in Sources */,
			);
			runOnlyForDeploymentPostprocessing = 0;
		};
/* End PBXSourcesBuildPhase section */

/* Begin PBXTargetDependency section */
		15B03978298910A500B2626D /* PBXTargetDependency */ = {
			isa = PBXTargetDependency;
			target = 15B039542989075B00B2626D /* Async Await tutorial */;
			targetProxy = 15B03977298910A500B2626D /* PBXContainerItemProxy */;
		};
/* End PBXTargetDependency section */

/* Begin XCBuildConfiguration section */
		15B039612989075E00B2626D /* Debug */ = {
			isa = XCBuildConfiguration;
			buildSettings = {
				ALWAYS_SEARCH_USER_PATHS = NO;
				CLANG_ANALYZER_NONNULL = YES;
				CLANG_ANALYZER_NUMBER_OBJECT_CONVERSION = YES_AGGRESSIVE;
				CLANG_CXX_LANGUAGE_STANDARD = "gnu++20";
				CLANG_ENABLE_MODULES = YES;
				CLANG_ENABLE_OBJC_ARC = YES;
				CLANG_ENABLE_OBJC_WEAK = YES;
				CLANG_WARN_BLOCK_CAPTURE_AUTORELEASING = YES;
				CLANG_WARN_BOOL_CONVERSION = YES;
				CLANG_WARN_COMMA = YES;
				CLANG_WARN_CONSTANT_CONVERSION = YES;
				CLANG_WARN_DEPRECATED_OBJC_IMPLEMENTATIONS = YES;
				CLANG_WARN_DIRECT_OBJC_ISA_USAGE = YES_ERROR;
				CLANG_WARN_DOCUMENTATION_COMMENTS = YES;
				CLANG_WARN_EMPTY_BODY = YES;
				CLANG_WARN_ENUM_CONVERSION = YES;
				CLANG_WARN_INFINITE_RECURSION = YES;
				CLANG_WARN_INT_CONVERSION = YES;
				CLANG_WARN_NON_LITERAL_NULL_CONVERSION = YES;
				CLANG_WARN_OBJC_IMPLICIT_RETAIN_SELF = YES;
				CLANG_WARN_OBJC_LITERAL_CONVERSION = YES;
				CLANG_WARN_OBJC_ROOT_CLASS = YES_ERROR;
				CLANG_WARN_QUOTED_INCLUDE_IN_FRAMEWORK_HEADER = YES;
				CLANG_WARN_RANGE_LOOP_ANALYSIS = YES;
				CLANG_WARN_STRICT_PROTOTYPES = YES;
				CLANG_WARN_SUSPICIOUS_MOVE = YES;
				CLANG_WARN_UNGUARDED_AVAILABILITY = YES_AGGRESSIVE;
				CLANG_WARN_UNREACHABLE_CODE = YES;
				CLANG_WARN__DUPLICATE_METHOD_MATCH = YES;
				COPY_PHASE_STRIP = NO;
				DEBUG_INFORMATION_FORMAT = dwarf;
				ENABLE_STRICT_OBJC_MSGSEND = YES;
				ENABLE_TESTABILITY = YES;
				GCC_C_LANGUAGE_STANDARD = gnu11;
				GCC_DYNAMIC_NO_PIC = NO;
				GCC_NO_COMMON_BLOCKS = YES;
				GCC_OPTIMIZATION_LEVEL = 0;
				GCC_PREPROCESSOR_DEFINITIONS = (
					"DEBUG=1",
					"$(inherited)",
				);
				GCC_WARN_64_TO_32_BIT_CONVERSION = YES;
				GCC_WARN_ABOUT_RETURN_TYPE = YES_ERROR;
				GCC_WARN_UNDECLARED_SELECTOR = YES;
				GCC_WARN_UNINITIALIZED_AUTOS = YES_AGGRESSIVE;
				GCC_WARN_UNUSED_FUNCTION = YES;
				GCC_WARN_UNUSED_VARIABLE = YES;
				IPHONEOS_DEPLOYMENT_TARGET = 16.2;
				MTL_ENABLE_DEBUG_INFO = INCLUDE_SOURCE;
				MTL_FAST_MATH = YES;
				ONLY_ACTIVE_ARCH = YES;
				SDKROOT = iphoneos;
				SWIFT_ACTIVE_COMPILATION_CONDITIONS = DEBUG;
				SWIFT_OPTIMIZATION_LEVEL = "-Onone";
			};
			name = Debug;
		};
		15B039622989075E00B2626D /* Release */ = {
			isa = XCBuildConfiguration;
			buildSettings = {
				ALWAYS_SEARCH_USER_PATHS = NO;
				CLANG_ANALYZER_NONNULL = YES;
				CLANG_ANALYZER_NUMBER_OBJECT_CONVERSION = YES_AGGRESSIVE;
				CLANG_CXX_LANGUAGE_STANDARD = "gnu++20";
				CLANG_ENABLE_MODULES = YES;
				CLANG_ENABLE_OBJC_ARC = YES;
				CLANG_ENABLE_OBJC_WEAK = YES;
				CLANG_WARN_BLOCK_CAPTURE_AUTORELEASING = YES;
				CLANG_WARN_BOOL_CONVERSION = YES;
				CLANG_WARN_COMMA = YES;
				CLANG_WARN_CONSTANT_CONVERSION = YES;
				CLANG_WARN_DEPRECATED_OBJC_IMPLEMENTATIONS = YES;
				CLANG_WARN_DIRECT_OBJC_ISA_USAGE = YES_ERROR;
				CLANG_WARN_DOCUMENTATION_COMMENTS = YES;
				CLANG_WARN_EMPTY_BODY = YES;
				CLANG_WARN_ENUM_CONVERSION = YES;
				CLANG_WARN_INFINITE_RECURSION = YES;
				CLANG_WARN_INT_CONVERSION = YES;
				CLANG_WARN_NON_LITERAL_NULL_CONVERSION = YES;
				CLANG_WARN_OBJC_IMPLICIT_RETAIN_SELF = YES;
				CLANG_WARN_OBJC_LITERAL_CONVERSION = YES;
				CLANG_WARN_OBJC_ROOT_CLASS = YES_ERROR;
				CLANG_WARN_QUOTED_INCLUDE_IN_FRAMEWORK_HEADER = YES;
				CLANG_WARN_RANGE_LOOP_ANALYSIS = YES;
				CLANG_WARN_STRICT_PROTOTYPES = YES;
				CLANG_WARN_SUSPICIOUS_MOVE = YES;
				CLANG_WARN_UNGUARDED_AVAILABILITY = YES_AGGRESSIVE;
				CLANG_WARN_UNREACHABLE_CODE = YES;
				CLANG_WARN__DUPLICATE_METHOD_MATCH = YES;
				COPY_PHASE_STRIP = NO;
				DEBUG_INFORMATION_FORMAT = "dwarf-with-dsym";
				ENABLE_NS_ASSERTIONS = NO;
				ENABLE_STRICT_OBJC_MSGSEND = YES;
				GCC_C_LANGUAGE_STANDARD = gnu11;
				GCC_NO_COMMON_BLOCKS = YES;
				GCC_WARN_64_TO_32_BIT_CONVERSION = YES;
				GCC_WARN_ABOUT_RETURN_TYPE = YES_ERROR;
				GCC_WARN_UNDECLARED_SELECTOR = YES;
				GCC_WARN_UNINITIALIZED_AUTOS = YES_AGGRESSIVE;
				GCC_WARN_UNUSED_FUNCTION = YES;
				GCC_WARN_UNUSED_VARIABLE = YES;
				IPHONEOS_DEPLOYMENT_TARGET = 16.2;
				MTL_ENABLE_DEBUG_INFO = NO;
				MTL_FAST_MATH = YES;
				SDKROOT = iphoneos;
				SWIFT_COMPILATION_MODE = wholemodule;
				SWIFT_OPTIMIZATION_LEVEL = "-O";
				VALIDATE_PRODUCT = YES;
			};
			name = Release;
		};
		15B039642989075E00B2626D /* Debug */ = {
			isa = XCBuildConfiguration;
			buildSettings = {
				ASSETCATALOG_COMPILER_APPICON_NAME = AppIcon;
				ASSETCATALOG_COMPILER_GLOBAL_ACCENT_COLOR_NAME = AccentColor;
				CODE_SIGN_STYLE = Automatic;
				CURRENT_PROJECT_VERSION = 1;
				DEVELOPMENT_ASSET_PATHS = "\"Async Await tutorial/Preview Content\"";
				DEVELOPMENT_TEAM = 3X884PBRG2;
				ENABLE_PREVIEWS = YES;
				GENERATE_INFOPLIST_FILE = YES;
				INFOPLIST_KEY_UIApplicationSceneManifest_Generation = YES;
				INFOPLIST_KEY_UIApplicationSupportsIndirectInputEvents = YES;
				INFOPLIST_KEY_UILaunchScreen_Generation = YES;
				INFOPLIST_KEY_UISupportedInterfaceOrientations_iPad = "UIInterfaceOrientationPortrait UIInterfaceOrientationPortraitUpsideDown UIInterfaceOrientationLandscapeLeft UIInterfaceOrientationLandscapeRight";
				INFOPLIST_KEY_UISupportedInterfaceOrientations_iPhone = "UIInterfaceOrientationPortrait UIInterfaceOrientationLandscapeLeft UIInterfaceOrientationLandscapeRight";
				LD_RUNPATH_SEARCH_PATHS = (
					"$(inherited)",
					"@executable_path/Frameworks",
				);
				MARKETING_VERSION = 1.0;
				PRODUCT_BUNDLE_IDENTIFIER = "com.karlis.Async-Await-tutorial";
				PRODUCT_NAME = "$(TARGET_NAME)";
				SWIFT_EMIT_LOC_STRINGS = YES;
				SWIFT_VERSION = 5.0;
				TARGETED_DEVICE_FAMILY = "1,2";
			};
			name = Debug;
		};
		15B039652989075E00B2626D /* Release */ = {
			isa = XCBuildConfiguration;
			buildSettings = {
				ASSETCATALOG_COMPILER_APPICON_NAME = AppIcon;
				ASSETCATALOG_COMPILER_GLOBAL_ACCENT_COLOR_NAME = AccentColor;
				CODE_SIGN_STYLE = Automatic;
				CURRENT_PROJECT_VERSION = 1;
				DEVELOPMENT_ASSET_PATHS = "\"Async Await tutorial/Preview Content\"";
				DEVELOPMENT_TEAM = 3X884PBRG2;
				ENABLE_PREVIEWS = YES;
				GENERATE_INFOPLIST_FILE = YES;
				INFOPLIST_KEY_UIApplicationSceneManifest_Generation = YES;
				INFOPLIST_KEY_UIApplicationSupportsIndirectInputEvents = YES;
				INFOPLIST_KEY_UILaunchScreen_Generation = YES;
				INFOPLIST_KEY_UISupportedInterfaceOrientations_iPad = "UIInterfaceOrientationPortrait UIInterfaceOrientationPortraitUpsideDown UIInterfaceOrientationLandscapeLeft UIInterfaceOrientationLandscapeRight";
				INFOPLIST_KEY_UISupportedInterfaceOrientations_iPhone = "UIInterfaceOrientationPortrait UIInterfaceOrientationLandscapeLeft UIInterfaceOrientationLandscapeRight";
				LD_RUNPATH_SEARCH_PATHS = (
					"$(inherited)",
					"@executable_path/Frameworks",
				);
				MARKETING_VERSION = 1.0;
				PRODUCT_BUNDLE_IDENTIFIER = "com.karlis.Async-Await-tutorial";
				PRODUCT_NAME = "$(TARGET_NAME)";
				SWIFT_EMIT_LOC_STRINGS = YES;
				SWIFT_VERSION = 5.0;
				TARGETED_DEVICE_FAMILY = "1,2";
			};
			name = Release;
		};
		15B0397A298910A500B2626D /* Debug */ = {
			isa = XCBuildConfiguration;
			buildSettings = {
				BUNDLE_LOADER = "$(TEST_HOST)";
				CODE_SIGN_STYLE = Automatic;
				CURRENT_PROJECT_VERSION = 1;
				DEVELOPMENT_TEAM = 3X884PBRG2;
				GENERATE_INFOPLIST_FILE = YES;
				MARKETING_VERSION = 1.0;
				PRODUCT_BUNDLE_IDENTIFIER = "com.karlis.Async-Await-tutorialTests";
				PRODUCT_NAME = "$(TARGET_NAME)";
				SWIFT_EMIT_LOC_STRINGS = NO;
				SWIFT_VERSION = 5.0;
				TARGETED_DEVICE_FAMILY = "1,2";
				TEST_HOST = "$(BUILT_PRODUCTS_DIR)/Async Await tutorial.app/$(BUNDLE_EXECUTABLE_FOLDER_PATH)/Async Await tutorial";
			};
			name = Debug;
		};
		15B0397B298910A500B2626D /* Release */ = {
			isa = XCBuildConfiguration;
			buildSettings = {
				BUNDLE_LOADER = "$(TEST_HOST)";
				CODE_SIGN_STYLE = Automatic;
				CURRENT_PROJECT_VERSION = 1;
				DEVELOPMENT_TEAM = 3X884PBRG2;
				GENERATE_INFOPLIST_FILE = YES;
				MARKETING_VERSION = 1.0;
				PRODUCT_BUNDLE_IDENTIFIER = "com.karlis.Async-Await-tutorialTests";
				PRODUCT_NAME = "$(TARGET_NAME)";
				SWIFT_EMIT_LOC_STRINGS = NO;
				SWIFT_VERSION = 5.0;
				TARGETED_DEVICE_FAMILY = "1,2";
				TEST_HOST = "$(BUILT_PRODUCTS_DIR)/Async Await tutorial.app/$(BUNDLE_EXECUTABLE_FOLDER_PATH)/Async Await tutorial";
			};
			name = Release;
		};
/* End XCBuildConfiguration section */

/* Begin XCConfigurationList section */
		15B039502989075B00B2626D /* Build configuration list for PBXProject "Async Await tutorial" */ = {
			isa = XCConfigurationList;
			buildConfigurations = (
				15B039612989075E00B2626D /* Debug */,
				15B039622989075E00B2626D /* Release */,
			);
			defaultConfigurationIsVisible = 0;
			defaultConfigurationName = Release;
		};
		15B039632989075E00B2626D /* Build configuration list for PBXNativeTarget "Async Await tutorial" */ = {
			isa = XCConfigurationList;
			buildConfigurations = (
				15B039642989075E00B2626D /* Debug */,
				15B039652989075E00B2626D /* Release */,
			);
			defaultConfigurationIsVisible = 0;
			defaultConfigurationName = Release;
		};
		15B03979298910A500B2626D /* Build configuration list for PBXNativeTarget "Async Await tutorialTests" */ = {
			isa = XCConfigurationList;
			buildConfigurations = (
				15B0397A298910A500B2626D /* Debug */,
				15B0397B298910A500B2626D /* Release */,
			);
			defaultConfigurationIsVisible = 0;
			defaultConfigurationName = Release;
		};
/* End XCConfigurationList section */
	};
	rootObject = 15B0394D2989075B00B2626D /* Project object */;
}
